
Microsoft Visual Studio Solution File, Format Version 12.00
# Visual Studio 15
Project("{FAE04EC0-301F-11D3-BF4B-00C04F79EFBC}") = "Assembly-CSharp", "Assembly-CSharp.csproj", "{3EABDE9B-706A-ED1E-A18C-DE6AF1138EE2}"
EndProject
Project("{FAE04EC0-301F-11D3-BF4B-00C04F79EFBC}") = "Assembly-CSharp-Editor", "Assembly-CSharp-Editor.csproj", "{FCEC3104-5729-414F-6825-42B04861D591}"
EndProject
Global
	GlobalSection(SolutionConfigurationPlatforms) = preSolution
		Debug|Any CPU = Debug|Any CPU
		Release|Any CPU = Release|Any CPU
	EndGlobalSection
	GlobalSection(ProjectConfigurationPlatforms) = postSolution
		{3EABDE9B-706A-ED1E-A18C-DE6AF1138EE2}.Debug|Any CPU.ActiveCfg = Debug|Any CPU
		{3EABDE9B-706A-ED1E-A18C-DE6AF1138EE2}.Debug|Any CPU.Build.0 = Debug|Any CPU
		{3EABDE9B-706A-ED1E-A18C-DE6AF1138EE2}.Release|Any CPU.ActiveCfg = Release|Any CPU
		{3EABDE9B-706A-ED1E-A18C-DE6AF1138EE2}.Release|Any CPU.Build.0 = Release|Any CPU
		{FCEC3104-5729-414F-6825-42B04861D591}.Debug|Any CPU.ActiveCfg = Debug|Any CPU
		{FCEC3104-5729-414F-6825-42B04861D591}.Debug|Any CPU.Build.0 = Debug|Any CPU
		{FCEC3104-5729-414F-6825-42B04861D591}.Release|Any CPU.ActiveCfg = Release|Any CPU
		{FCEC3104-5729-414F-6825-42B04861D591}.Release|Any CPU.Build.0 = Release|Any CPU
	EndGlobalSection
	GlobalSection(SolutionProperties) = preSolution
		HideSolutionNode = FALSE
	EndGlobalSection
EndGlobal
